lockfileVersion: '9.0'

settings:
  autoInstallPeers: true
  excludeLinksFromLockfile: false

importers:

  .:
    devDependencies:
      oxlint:
        specifier: 1.3.0
        version: 1.3.0

packages:

  '@oxlint/darwin-arm64@1.3.0':
    resolution: {integrity: sha512-TcCaETXYfiEfS+u/gZNND4WwEEtnJJjqg8BIC56WiCQDduYTvmmbQ0vxtqdNXlFzlvmRpZCSs7qaqXNy8/8FLA==}
    cpu: [arm64]
    os: [darwin]

  '@oxlint/darwin-x64@1.3.0':
    resolution: {integrity: sha512-REgq9s1ZWuh++Vi+mUPNddLTp/D+iu+T8nLd3QM1dzQoBD/SZ7wRX3Mdv8QGT/m8dknmDBQuKAP6T47ox9HRSA==}
    cpu: [x64]
    os: [darwin]

  '@oxlint/linux-arm64-gnu@1.3.0':
    resolution: {integrity: sha512-QAS8AWKDcDeUe8mJaw/pF2D9+js8FbFTo75AiekZKNm9V6QAAiCkyvesmILD8RrStw9aV2D/apOD71vsfcDoGA==}
    cpu: [arm64]
    os: [linux]

  '@oxlint/linux-arm64-musl@1.3.0':
    resolution: {integrity: sha512-rAbz0KFkk5GPdERoFO4ZUZmVkECnHXjRG0O2MeT5zY7ddlyZUjEk1cWjw+HCtWVdKkqhZJeNFMuEiRLkpzBIIw==}
    cpu: [arm64]
    os: [linux]

  '@oxlint/linux-x64-gnu@1.3.0':
    resolution: {integrity: sha512-6uLO1WsJwCtVNGHtjXwg2TRvxQYttYJKMjSdv6RUXGWY1AI+/+yHzvu+phU/F40uNC7CFhFnqWDuPaSZ49hdAQ==}
    cpu: [x64]
    os: [linux]

  '@oxlint/linux-x64-musl@1.3.0':
    resolution: {integrity: sha512-+vrmJUHgtJmgIo+L9eTP04NI/OQNCOZtQo6I49qGWc9cpr+0MnIh9KMcyAOxmzVTF5g+CF1I/1bUz4pk4I3LDw==}
    cpu: [x64]
    os: [linux]

  '@oxlint/win32-arm64@1.3.0':
    resolution: {integrity: sha512-k+ETUVl+O3b8Rcd2PP5V3LqQ2QoN/TOX2f19XXHZEynbVLY3twLYPb3hLdXqoo7CKRq3RJdTfn1upHH48/qrZQ==}
    cpu: [arm64]
    os: [win32]

  '@oxlint/win32-x64@1.3.0':
    resolution: {integrity: sha512-nWSgK0fT02TQ/BiAUCd13BaobtHySkCDcQaL+NOmhgeb0tNWjtYiktuluahaIqFcYJPWczVlbs8DU/Eqo8vsug==}
    cpu: [x64]
    os: [win32]

  oxlint@1.3.0:
    resolution: {integrity: sha512-PzAOmPxnXYpVF1q6h9pkOPH6uJ/44XrtFWJ8JcEMpoEq9HISNelD3lXhACtOAW8CArjLy/qSlu2KkyPxnXgctA==}
    engines: {node: '>=8.*'}
    hasBin: true

snapshots:

  '@oxlint/darwin-arm64@1.3.0':
    optional: true

  '@oxlint/darwin-x64@1.3.0':
    optional: true

  '@oxlint/linux-arm64-gnu@1.3.0':
    optional: true

  '@oxlint/linux-arm64-musl@1.3.0':
    optional: true

  '@oxlint/linux-x64-gnu@1.3.0':
    optional: true

  '@oxlint/linux-x64-musl@1.3.0':
    optional: true

  '@oxlint/win32-arm64@1.3.0':
    optional: true

  '@oxlint/win32-x64@1.3.0':
    optional: true

  oxlint@1.3.0:
    optionalDependencies:
      '@oxlint/darwin-arm64': 1.3.0
      '@oxlint/darwin-x64': 1.3.0
      '@oxlint/linux-arm64-gnu': 1.3.0
      '@oxlint/linux-arm64-musl': 1.3.0
      '@oxlint/linux-x64-gnu': 1.3.0
      '@oxlint/linux-x64-musl': 1.3.0
      '@oxlint/win32-arm64': 1.3.0
      '@oxlint/win32-x64': 1.3.0
